
Microsoft Visual Studio Solution File, Format Version 12.00
# Visual Studio Version 17
VisualStudioVersion = 17.13.35818.85 d17.13
MinimumVisualStudioVersion = 10.0.40219.1
Project("{FAE04EC0-301F-11D3-BF4B-00C04F79EFBC}") = "PruebaTecnicaTrainee_TodoCode", "PruebaTecnicaTrainee_TodoCode.csproj", "{8597D1DC-2A62-4309-86BB-9CC4A20F1B15}"
EndProject
Global
	GlobalSection(SolutionConfigurationPlatforms) = preSolution
		Debug|Any CPU = Debug|Any CPU
		Release|Any CPU = Release|Any CPU
	EndGlobalSection
	GlobalSection(ProjectConfigurationPlatforms) = postSolution
		{8597D1DC-2A62-4309-86BB-9CC4A20F1B15}.Debug|Any CPU.ActiveCfg = Debug|Any CPU
		{8597D1DC-2A62-4309-86BB-9CC4A20F1B15}.Debug|Any CPU.Build.0 = Debug|Any CPU
		{8597D1DC-2A62-4309-86BB-9CC4A20F1B15}.Release|Any CPU.ActiveCfg = Release|Any CPU
		{8597D1DC-2A62-4309-86BB-9CC4A20F1B15}.Release|Any CPU.Build.0 = Release|Any CPU
	EndGlobalSection
	GlobalSection(SolutionProperties) = preSolution
		HideSolutionNode = FALSE
	EndGlobalSection
	GlobalSection(ExtensibilityGlobals) = postSolution
		SolutionGuid = {3F4590AA-F1A6-425C-8832-7BD2E6AC8C47}
	EndGlobalSection
EndGlobal
